Microsoft Visual Studio Solution File, Format Version 12.00
# Visual Studio Version 17
VisualStudioVersion = 17.5.2.0
MinimumVisualStudioVersion = 10.0.40219.1
Project("{2150E333-8FDC-42A3-9474-1A3956D46DE8}") = "web", "web", "{256F4E96-6A73-9ABE-786F-840C672A50F4}"
EndProject
Project("{2150E333-8FDC-42A3-9474-1A3956D46DE8}") = "server", "server", "{7C4DA6D4-5A0C-41C7-8E2C-EC56B6462868}"
EndProject
Project("{FAE04EC0-301F-11D3-BF4B-00C04F79EFBC}") = "WebGameServer", "web\server\WebGameServer.csproj", "{7070633A-7772-54A4-EE3A-E79706AEA6C0}"
EndProject
Global
	GlobalSection(SolutionConfigurationPlatforms) = preSolution
		Debug|Any CPU = Debug|Any CPU
		Release|Any CPU = Release|Any CPU
	EndGlobalSection
	GlobalSection(ProjectConfigurationPlatforms) = postSolution
		{7070633A-7772-54A4-EE3A-E79706AEA6C0}.Debug|Any CPU.ActiveCfg = Debug|Any CPU
		{7070633A-7772-54A4-EE3A-E79706AEA6C0}.Debug|Any CPU.Build.0 = Debug|Any CPU
		{7070633A-7772-54A4-EE3A-E79706AEA6C0}.Release|Any CPU.ActiveCfg = Release|Any CPU
		{7070633A-7772-54A4-EE3A-E79706AEA6C0}.Release|Any CPU.Build.0 = Release|Any CPU
	EndGlobalSection
	GlobalSection(SolutionProperties) = preSolution
		HideSolutionNode = FALSE
	EndGlobalSection
	GlobalSection(NestedProjects) = preSolution
		{7C4DA6D4-5A0C-41C7-8E2C-EC56B6462868} = {256F4E96-6A73-9ABE-786F-840C672A50F4}
		{7070633A-7772-54A4-EE3A-E79706AEA6C0} = {7C4DA6D4-5A0C-41C7-8E2C-EC56B6462868}
	EndGlobalSection
	GlobalSection(ExtensibilityGlobals) = postSolution
		SolutionGuid = {146CECFA-1134-49C4-A85C-D03023AF475D}
	EndGlobalSection
EndGlobal
